<Solution>
  <Folder Name="/src/">
    <Project Path="src/ArxisStudio.Themes.Arxis.csproj" />
  </Folder>
  <Folder Name="/tests/">
    <Project Path="tests/ArxisStudio.Themes.Arxis.Tests/ArxisStudio.Themes.Arxis.Tests.csproj" />
  </Folder>
  <Project Path="../ArxisStudio.Controls/src/ArxisStudio.Controls.csproj" />
  <Project Path="../ArxisStudio.Icons/src/ArxisStudio.Icons.csproj" />
</Solution>
